
Microsoft Visual Studio Solution File, Format Version 12.00
# Visual Studio Version 16
VisualStudioVersion = 16.0.30204.135
MinimumVisualStudioVersion = 10.0.40219.1
Project("{FAE04EC0-301F-11D3-BF4B-00C04F79EFBC}") = "appWinCalculadora", "appWinCalculadora\appWinCalculadora.csproj", "{1F50242B-9091-41F0-B6D0-7C5CCBBF2F16}"
	ProjectSection(ProjectDependencies) = postProject
		{EC918AEE-8089-4552-8CA9-F03C1155D32E} = {EC918AEE-8089-4552-8CA9-F03C1155D32E}
	EndProjectSection
EndProject
Project("{FAE04EC0-301F-11D3-BF4B-00C04F79EFBC}") = "libServicios", "libServicios\libServicios.csproj", "{EC918AEE-8089-4552-8CA9-F03C1155D32E}"
EndProject
Global
	GlobalSection(SolutionConfigurationPlatforms) = preSolution
		Debug|Any CPU = Debug|Any CPU
		Release|Any CPU = Release|Any CPU
	EndGlobalSection
	GlobalSection(ProjectConfigurationPlatforms) = postSolution
		{1F50242B-9091-41F0-B6D0-7C5CCBBF2F16}.Debug|Any CPU.ActiveCfg = Debug|Any CPU
		{1F50242B-9091-41F0-B6D0-7C5CCBBF2F16}.Debug|Any CPU.Build.0 = Debug|Any CPU
		{1F50242B-9091-41F0-B6D0-7C5CCBBF2F16}.Release|Any CPU.ActiveCfg = Release|Any CPU
		{1F50242B-9091-41F0-B6D0-7C5CCBBF2F16}.Release|Any CPU.Build.0 = Release|Any CPU
		{EC918AEE-8089-4552-8CA9-F03C1155D32E}.Debug|Any CPU.ActiveCfg = Debug|Any CPU
		{EC918AEE-8089-4552-8CA9-F03C1155D32E}.Debug|Any CPU.Build.0 = Debug|Any CPU
		{EC918AEE-8089-4552-8CA9-F03C1155D32E}.Release|Any CPU.ActiveCfg = Release|Any CPU
		{EC918AEE-8089-4552-8CA9-F03C1155D32E}.Release|Any CPU.Build.0 = Release|Any CPU
	EndGlobalSection
	GlobalSection(SolutionProperties) = preSolution
		HideSolutionNode = FALSE
	EndGlobalSection
	GlobalSection(ExtensibilityGlobals) = postSolution
		SolutionGuid = {351BDD38-E5C9-4464-BB15-5A23FD9A18DD}
	EndGlobalSection
EndGlobal
